
Microsoft Visual Studio Solution File, Format Version 12.00
# Visual Studio Version 16
VisualStudioVersion = 25.0.1700.7
MinimumVisualStudioVersion = 10.0.40219.1
Project("{FAE04EC0-301F-11D3-BF4B-00C04F79EFBC}") = "BulkyBookWeb", "BulkyBookWeb\BulkyBookWeb.csproj", "{ADF0453F-ACE0-4AFF-AA1A-3B9267B5DE34}"
EndProject
Global
	GlobalSection(SolutionConfigurationPlatforms) = preSolution
		Debug|Any CPU = Debug|Any CPU
		Release|Any CPU = Release|Any CPU
	EndGlobalSection
	GlobalSection(ProjectConfigurationPlatforms) = postSolution
		{ADF0453F-ACE0-4AFF-AA1A-3B9267B5DE34}.Debug|Any CPU.ActiveCfg = Debug|Any CPU
		{ADF0453F-ACE0-4AFF-AA1A-3B9267B5DE34}.Debug|Any CPU.Build.0 = Debug|Any CPU
		{ADF0453F-ACE0-4AFF-AA1A-3B9267B5DE34}.Release|Any CPU.ActiveCfg = Release|Any CPU
		{ADF0453F-ACE0-4AFF-AA1A-3B9267B5DE34}.Release|Any CPU.Build.0 = Release|Any CPU
	EndGlobalSection
	GlobalSection(SolutionProperties) = preSolution
		HideSolutionNode = FALSE
	EndGlobalSection
	GlobalSection(ExtensibilityGlobals) = postSolution
		SolutionGuid = {BB4642C7-648D-4404-BE0D-0790A387A518}
	EndGlobalSection
EndGlobal
